{
  "name": "ds-token",
  "version": "1.0.0",
  "lockfileVersion": 2,
  "requires": true,
  "packages": {
    "": {
      "version": "1.0.0",
      "license": "MIT",
      "dependencies": {
        "bourbon": "^7.0.0",
        "csstyle": "^2.0.2"
      }
    },
    "node_modules/bourbon": {
      "version": "7.0.0",
      "resolved": "https://registry.npmjs.org/bourbon/-/bourbon-7.0.0.tgz",
      "integrity": "sha512-49kyBY+4gwnEvnez8H0TzFjfNZpUVdCmmS873S9nQ6YUuh2+qesbOh8lA+9gAuWlqtYlF+/3Etxm/13RhceOrg=="
    },
    "node_modules/csstyle": {
      "version": "2.0.2",
      "resolved": "https://registry.npmjs.org/csstyle/-/csstyle-2.0.2.tgz",
      "integrity": "sha512-rG4uXtj6juoUjg3V2l4+GyVSUpjP73Um6huQsgFH0gadzHVGSlltNurrIGcnjYXIKiL0g0d4c97in391A4C20g=="
    }
  },
  "dependencies": {
    "bourbon": {
      "version": "7.0.0",
      "resolved": "https://registry.npmjs.org/bourbon/-/bourbon-7.0.0.tgz",
      "integrity": "sha512-49kyBY+4gwnEvnez8H0TzFjfNZpUVdCmmS873S9nQ6YUuh2+qesbOh8lA+9gAuWlqtYlF+/3Etxm/13RhceOrg=="
    },
    "csstyle": {
      "version": "2.0.2",
      "resolved": "https://registry.npmjs.org/csstyle/-/csstyle-2.0.2.tgz",
      "integrity": "sha512-rG4uXtj6juoUjg3V2l4+GyVSUpjP73Um6huQsgFH0gadzHVGSlltNurrIGcnjYXIKiL0g0d4c97in391A4C20g=="
    }
  }
}
